
Microsoft Visual Studio Solution File, Format Version 12.00
# Visual Studio Version 17
VisualStudioVersion = 17.0.31903.59
MinimumVisualStudioVersion = 10.0.40219.1
Project("{2150E333-8FDC-42A3-9474-1A3956D46DE8}") = "src", "src", "{5EC68A9D-896D-4DAB-9E82-89A8322E0901}"
EndProject
Project("{FAE04EC0-301F-11D3-BF4B-00C04F79EFBC}") = "DtmToolbox", "src\DtmToolbox\DtmToolbox.csproj", "{84318CDB-DE31-4AE1-9D68-AE07E7663729}"
EndProject
Global
	GlobalSection(SolutionConfigurationPlatforms) = preSolution
		Debug|Any CPU = Debug|Any CPU
		Release|Any CPU = Release|Any CPU
	EndGlobalSection
	GlobalSection(SolutionProperties) = preSolution
		HideSolutionNode = FALSE
	EndGlobalSection
	GlobalSection(ProjectConfigurationPlatforms) = postSolution
		{84318CDB-DE31-4AE1-9D68-AE07E7663729}.Debug|Any CPU.ActiveCfg = Debug|Any CPU
		{84318CDB-DE31-4AE1-9D68-AE07E7663729}.Debug|Any CPU.Build.0 = Debug|Any CPU
		{84318CDB-DE31-4AE1-9D68-AE07E7663729}.Release|Any CPU.ActiveCfg = Release|Any CPU
		{84318CDB-DE31-4AE1-9D68-AE07E7663729}.Release|Any CPU.Build.0 = Release|Any CPU
	EndGlobalSection
	GlobalSection(NestedProjects) = preSolution
		{84318CDB-DE31-4AE1-9D68-AE07E7663729} = {5EC68A9D-896D-4DAB-9E82-89A8322E0901}
	EndGlobalSection
EndGlobal
